
Microsoft Visual Studio Solution File, Format Version 12.00
# Visual Studio Version 17
VisualStudioVersion = 17.5.33530.505
MinimumVisualStudioVersion = 10.0.40219.1
Project("{9A19103F-16F7-4668-BE54-9A1E7A4F7556}") = "Bot-Leilao.Domain", "src\Bot-Leilao.Domain\Bot-Leilao.Domain.csproj", "{AD187835-9C1A-4CC4-8419-7EABA1774D5C}"
EndProject
Project("{9A19103F-16F7-4668-BE54-9A1E7A4F7556}") = "WebBot_ProximosLeiloes", "src\WebBot_ProximosLeiloes\WebBot_ProximosLeiloes.csproj", "{D5FD5EEE-3D44-4660-B554-60AA0496E66D}"
EndProject
Project("{9A19103F-16F7-4668-BE54-9A1E7A4F7556}") = "WebBot_ValoresArremeteLeilao", "src\WebBot_ValoresArremeteLeilao\WebBot_ValoresArremeteLeilao.csproj", "{00E9DF0B-3519-4534-8184-69D9652AFEA5}"
EndProject
Global
	GlobalSection(SolutionConfigurationPlatforms) = preSolution
		Debug|Any CPU = Debug|Any CPU
		Release|Any CPU = Release|Any CPU
	EndGlobalSection
	GlobalSection(ProjectConfigurationPlatforms) = postSolution
		{AD187835-9C1A-4CC4-8419-7EABA1774D5C}.Debug|Any CPU.ActiveCfg = Debug|Any CPU
		{AD187835-9C1A-4CC4-8419-7EABA1774D5C}.Debug|Any CPU.Build.0 = Debug|Any CPU
		{AD187835-9C1A-4CC4-8419-7EABA1774D5C}.Release|Any CPU.ActiveCfg = Release|Any CPU
		{AD187835-9C1A-4CC4-8419-7EABA1774D5C}.Release|Any CPU.Build.0 = Release|Any CPU
		{D5FD5EEE-3D44-4660-B554-60AA0496E66D}.Debug|Any CPU.ActiveCfg = Debug|Any CPU
		{D5FD5EEE-3D44-4660-B554-60AA0496E66D}.Debug|Any CPU.Build.0 = Debug|Any CPU
		{D5FD5EEE-3D44-4660-B554-60AA0496E66D}.Release|Any CPU.ActiveCfg = Release|Any CPU
		{D5FD5EEE-3D44-4660-B554-60AA0496E66D}.Release|Any CPU.Build.0 = Release|Any CPU
		{00E9DF0B-3519-4534-8184-69D9652AFEA5}.Debug|Any CPU.ActiveCfg = Debug|Any CPU
		{00E9DF0B-3519-4534-8184-69D9652AFEA5}.Debug|Any CPU.Build.0 = Debug|Any CPU
		{00E9DF0B-3519-4534-8184-69D9652AFEA5}.Release|Any CPU.ActiveCfg = Release|Any CPU
		{00E9DF0B-3519-4534-8184-69D9652AFEA5}.Release|Any CPU.Build.0 = Release|Any CPU
	EndGlobalSection
	GlobalSection(SolutionProperties) = preSolution
		HideSolutionNode = FALSE
	EndGlobalSection
	GlobalSection(ExtensibilityGlobals) = postSolution
		SolutionGuid = {DF90CA09-CBE6-4A4F-ACA0-FF2B142B2914}
	EndGlobalSection
EndGlobal
